// !$*UTF8*$!
{
	archiveVersion = 1;
	classes = {
	};
	objectVersion = 51;
	objects = {

/* Begin PBXBuildFile section */
		B516F785268500CB0007882E /* GeocodingModel.swift in Sources */ = {isa = PBXBuildFile; fileRef = B516F784268500CB0007882E /* GeocodingModel.swift */; };
		B516F78826863F5D0007882E /* MainViewModel.swift in Sources */ = {isa = PBXBuildFile; fileRef = B516F78726863F5D0007882E /* MainViewModel.swift */; };
		B516F78C26871B840007882E /* ForecastModel.swift in Sources */ = {isa = PBXBuildFile; fileRef = B516F78B26871B840007882E /* ForecastModel.swift */; };
		B516F7B126885BC40007882E /* CoreDataStack.swift in Sources */ = {isa = PBXBuildFile; fileRef = B516F7B026885BC40007882E /* CoreDataStack.swift */; };
		B516F7FF269235900007882E /* NetworkService.swift in Sources */ = {isa = PBXBuildFile; fileRef = B516F7FE269235900007882E /* NetworkService.swift */; };
		B516F85A269495340007882E /* ForecastData+CoreDataClass.swift in Sources */ = {isa = PBXBuildFile; fileRef = B516F848269495340007882E /* ForecastData+CoreDataClass.swift */; };
		B516F85B269495340007882E /* ForecastData+CoreDataProperties.swift in Sources */ = {isa = PBXBuildFile; fileRef = B516F849269495340007882E /* ForecastData+CoreDataProperties.swift */; };
		B516F85C269495340007882E /* CurrentData+CoreDataClass.swift in Sources */ = {isa = PBXBuildFile; fileRef = B516F84A269495340007882E /* CurrentData+CoreDataClass.swift */; };
		B516F85D269495340007882E /* CurrentData+CoreDataProperties.swift in Sources */ = {isa = PBXBuildFile; fileRef = B516F84B269495340007882E /* CurrentData+CoreDataProperties.swift */; };
		B516F85E269495340007882E /* DailyData+CoreDataClass.swift in Sources */ = {isa = PBXBuildFile; fileRef = B516F84C269495340007882E /* DailyData+CoreDataClass.swift */; };
		B516F85F269495340007882E /* DailyData+CoreDataProperties.swift in Sources */ = {isa = PBXBuildFile; fileRef = B516F84D269495340007882E /* DailyData+CoreDataProperties.swift */; };
		B516F860269495340007882E /* SnowData+CoreDataClass.swift in Sources */ = {isa = PBXBuildFile; fileRef = B516F84E269495340007882E /* SnowData+CoreDataClass.swift */; };
		B516F861269495340007882E /* SnowData+CoreDataProperties.swift in Sources */ = {isa = PBXBuildFile; fileRef = B516F84F269495340007882E /* SnowData+CoreDataProperties.swift */; };
		B516F862269495340007882E /* TempData+CoreDataClass.swift in Sources */ = {isa = PBXBuildFile; fileRef = B516F850269495340007882E /* TempData+CoreDataClass.swift */; };
		B516F863269495340007882E /* TempData+CoreDataProperties.swift in Sources */ = {isa = PBXBuildFile; fileRef = B516F851269495340007882E /* TempData+CoreDataProperties.swift */; };
		B516F864269495340007882E /* FeelsLikeData+CoreDataClass.swift in Sources */ = {isa = PBXBuildFile; fileRef = B516F852269495340007882E /* FeelsLikeData+CoreDataClass.swift */; };
		B516F865269495340007882E /* FeelsLikeData+CoreDataProperties.swift in Sources */ = {isa = PBXBuildFile; fileRef = B516F853269495340007882E /* FeelsLikeData+CoreDataProperties.swift */; };
		B516F866269495340007882E /* RainData+CoreDataClass.swift in Sources */ = {isa = PBXBuildFile; fileRef = B516F854269495340007882E /* RainData+CoreDataClass.swift */; };
		B516F867269495340007882E /* RainData+CoreDataProperties.swift in Sources */ = {isa = PBXBuildFile; fileRef = B516F855269495340007882E /* RainData+CoreDataProperties.swift */; };
		B516F868269495340007882E /* HourlyData+CoreDataClass.swift in Sources */ = {isa = PBXBuildFile; fileRef = B516F856269495340007882E /* HourlyData+CoreDataClass.swift */; };
		B516F869269495340007882E /* HourlyData+CoreDataProperties.swift in Sources */ = {isa = PBXBuildFile; fileRef = B516F857269495340007882E /* HourlyData+CoreDataProperties.swift */; };
		B516F86A269495340007882E /* WeatherData+CoreDataClass.swift in Sources */ = {isa = PBXBuildFile; fileRef = B516F858269495340007882E /* WeatherData+CoreDataClass.swift */; };
		B516F86B269495340007882E /* WeatherData+CoreDataProperties.swift in Sources */ = {isa = PBXBuildFile; fileRef = B516F859269495340007882E /* WeatherData+CoreDataProperties.swift */; };
		B56248F5267D215900EBA960 /* AppDelegate.swift in Sources */ = {isa = PBXBuildFile; fileRef = B56248F4267D215900EBA960 /* AppDelegate.swift */; };
		B56248F7267D215900EBA960 /* SceneDelegate.swift in Sources */ = {isa = PBXBuildFile; fileRef = B56248F6267D215900EBA960 /* SceneDelegate.swift */; };
		B56248FF267D215900EBA960 /* WeatherApp.xcdatamodeld in Sources */ = {isa = PBXBuildFile; fileRef = B56248FD267D215900EBA960 /* WeatherApp.xcdatamodeld */; };
		B5624901267D215A00EBA960 /* Assets.xcassets in Resources */ = {isa = PBXBuildFile; fileRef = B5624900267D215A00EBA960 /* Assets.xcassets */; };
		B5624904267D215A00EBA960 /* LaunchScreen.storyboard in Resources */ = {isa = PBXBuildFile; fileRef = B5624902267D215A00EBA960 /* LaunchScreen.storyboard */; };
		B562490D267F001D00EBA960 /* OnboardingViewController.swift in Sources */ = {isa = PBXBuildFile; fileRef = B562490C267F001D00EBA960 /* OnboardingViewController.swift */; };
		B562490F267F128700EBA960 /* FirstStartIndicator.swift in Sources */ = {isa = PBXBuildFile; fileRef = B562490E267F128700EBA960 /* FirstStartIndicator.swift */; };
		B5624911267F178D00EBA960 /* MainViewController.swift in Sources */ = {isa = PBXBuildFile; fileRef = B5624910267F178D00EBA960 /* MainViewController.swift */; };
		B5624913267FAF4B00EBA960 /* LocationManager.swift in Sources */ = {isa = PBXBuildFile; fileRef = B5624912267FAF4B00EBA960 /* LocationManager.swift */; };
		B56249152680FEA800EBA960 /* MainCoordinator.swift in Sources */ = {isa = PBXBuildFile; fileRef = B56249142680FEA800EBA960 /* MainCoordinator.swift */; };
		B56249202681173800EBA960 /* Rubik-Regular.ttf in Resources */ = {isa = PBXBuildFile; fileRef = B562491E2681173800EBA960 /* Rubik-Regular.ttf */; };
		B56249212681173800EBA960 /* Rubik-Medium.ttf in Resources */ = {isa = PBXBuildFile; fileRef = B562491F2681173800EBA960 /* Rubik-Medium.ttf */; };
		B56249242681D74D00EBA960 /* SettingsViewController.swift in Sources */ = {isa = PBXBuildFile; fileRef = B56249232681D74D00EBA960 /* SettingsViewController.swift */; };
		E44EF64129E03DDAA14CE3C3 /* Pods_WeatherApp.framework in Frameworks */ = {isa = PBXBuildFile; fileRef = 0D0FC96182EB449DE6B30F13 /* Pods_WeatherApp.framework */; };
/* End PBXBuildFile section */

/* Begin PBXFileReference section */
		0D0FC96182EB449DE6B30F13 /* Pods_WeatherApp.framework */ = {isa = PBXFileReference; explicitFileType = wrapper.framework; includeInIndex = 0; path = Pods_WeatherApp.framework; sourceTree = BUILT_PRODUCTS_DIR; };
		1B4697ED0B7EB902D38A76E5 /* Pods-WeatherApp.debug.xcconfig */ = {isa = PBXFileReference; includeInIndex = 1; lastKnownFileType = text.xcconfig; name = "Pods-WeatherApp.debug.xcconfig"; path = "Target Support Files/Pods-WeatherApp/Pods-WeatherApp.debug.xcconfig"; sourceTree = "<group>"; };
		51279E42282F51EA8A377A94 /* Pods-WeatherApp.release.xcconfig */ = {isa = PBXFileReference; includeInIndex = 1; lastKnownFileType = text.xcconfig; name = "Pods-WeatherApp.release.xcconfig"; path = "Target Support Files/Pods-WeatherApp/Pods-WeatherApp.release.xcconfig"; sourceTree = "<group>"; };
		B516F784268500CB0007882E /* GeocodingModel.swift */ = {isa = PBXFileReference; lastKnownFileType = sourcecode.swift; path = GeocodingModel.swift; sourceTree = "<group>"; };
		B516F78726863F5D0007882E /* MainViewModel.swift */ = {isa = PBXFileReference; lastKnownFileType = sourcecode.swift; path = MainViewModel.swift; sourceTree = "<group>"; };
		B516F78B26871B840007882E /* ForecastModel.swift */ = {isa = PBXFileReference; lastKnownFileType = sourcecode.swift; path = ForecastModel.swift; sourceTree = "<group>"; };
		B516F7B026885BC40007882E /* CoreDataStack.swift */ = {isa = PBXFileReference; lastKnownFileType = sourcecode.swift; path = CoreDataStack.swift; sourceTree = "<group>"; };
		B516F7FE269235900007882E /* NetworkService.swift */ = {isa = PBXFileReference; lastKnownFileType = sourcecode.swift; path = NetworkService.swift; sourceTree = "<group>"; };
		B516F848269495340007882E /* ForecastData+CoreDataClass.swift */ = {isa = PBXFileReference; lastKnownFileType = sourcecode.swift; path = "ForecastData+CoreDataClass.swift"; sourceTree = SOURCE_ROOT; };
		B516F849269495340007882E /* ForecastData+CoreDataProperties.swift */ = {isa = PBXFileReference; lastKnownFileType = sourcecode.swift; path = "ForecastData+CoreDataProperties.swift"; sourceTree = SOURCE_ROOT; };
		B516F84A269495340007882E /* CurrentData+CoreDataClass.swift */ = {isa = PBXFileReference; lastKnownFileType = sourcecode.swift; path = "CurrentData+CoreDataClass.swift"; sourceTree = SOURCE_ROOT; };
		B516F84B269495340007882E /* CurrentData+CoreDataProperties.swift */ = {isa = PBXFileReference; lastKnownFileType = sourcecode.swift; path = "CurrentData+CoreDataProperties.swift"; sourceTree = SOURCE_ROOT; };
		B516F84C269495340007882E /* DailyData+CoreDataClass.swift */ = {isa = PBXFileReference; lastKnownFileType = sourcecode.swift; path = "DailyData+CoreDataClass.swift"; sourceTree = SOURCE_ROOT; };
		B516F84D269495340007882E /* DailyData+CoreDataProperties.swift */ = {isa = PBXFileReference; lastKnownFileType = sourcecode.swift; path = "DailyData+CoreDataProperties.swift"; sourceTree = SOURCE_ROOT; };
		B516F84E269495340007882E /* SnowData+CoreDataClass.swift */ = {isa = PBXFileReference; lastKnownFileType = sourcecode.swift; path = "SnowData+CoreDataClass.swift"; sourceTree = SOURCE_ROOT; };
		B516F84F269495340007882E /* SnowData+CoreDataProperties.swift */ = {isa = PBXFileReference; lastKnownFileType = sourcecode.swift; path = "SnowData+CoreDataProperties.swift"; sourceTree = SOURCE_ROOT; };
		B516F850269495340007882E /* TempData+CoreDataClass.swift */ = {isa = PBXFileReference; lastKnownFileType = sourcecode.swift; path = "TempData+CoreDataClass.swift"; sourceTree = SOURCE_ROOT; };
		B516F851269495340007882E /* TempData+CoreDataProperties.swift */ = {isa = PBXFileReference; lastKnownFileType = sourcecode.swift; path = "TempData+CoreDataProperties.swift"; sourceTree = SOURCE_ROOT; };
		B516F852269495340007882E /* FeelsLikeData+CoreDataClass.swift */ = {isa = PBXFileReference; lastKnownFileType = sourcecode.swift; path = "FeelsLikeData+CoreDataClass.swift"; sourceTree = SOURCE_ROOT; };
		B516F853269495340007882E /* FeelsLikeData+CoreDataProperties.swift */ = {isa = PBXFileReference; lastKnownFileType = sourcecode.swift; path = "FeelsLikeData+CoreDataProperties.swift"; sourceTree = SOURCE_ROOT; };
		B516F854269495340007882E /* RainData+CoreDataClass.swift */ = {isa = PBXFileReference; lastKnownFileType = sourcecode.swift; path = "RainData+CoreDataClass.swift"; sourceTree = SOURCE_ROOT; };
		B516F855269495340007882E /* RainData+CoreDataProperties.swift */ = {isa = PBXFileReference; lastKnownFileType = sourcecode.swift; path = "RainData+CoreDataProperties.swift"; sourceTree = SOURCE_ROOT; };
		B516F856269495340007882E /* HourlyData+CoreDataClass.swift */ = {isa = PBXFileReference; lastKnownFileType = sourcecode.swift; path = "HourlyData+CoreDataClass.swift"; sourceTree = SOURCE_ROOT; };
		B516F857269495340007882E /* HourlyData+CoreDataProperties.swift */ = {isa = PBXFileReference; lastKnownFileType = sourcecode.swift; path = "HourlyData+CoreDataProperties.swift"; sourceTree = SOURCE_ROOT; };
		B516F858269495340007882E /* WeatherData+CoreDataClass.swift */ = {isa = PBXFileReference; lastKnownFileType = sourcecode.swift; path = "WeatherData+CoreDataClass.swift"; sourceTree = SOURCE_ROOT; };
		B516F859269495340007882E /* WeatherData+CoreDataProperties.swift */ = {isa = PBXFileReference; lastKnownFileType = sourcecode.swift; path = "WeatherData+CoreDataProperties.swift"; sourceTree = SOURCE_ROOT; };
		B56248F1267D215900EBA960 /* WeatherApp.app */ = {isa = PBXFileReference; explicitFileType = wrapper.application; includeInIndex = 0; path = WeatherApp.app; sourceTree = BUILT_PRODUCTS_DIR; };
		B56248F4267D215900EBA960 /* AppDelegate.swift */ = {isa = PBXFileReference; lastKnownFileType = sourcecode.swift; path = AppDelegate.swift; sourceTree = "<group>"; };
		B56248F6267D215900EBA960 /* SceneDelegate.swift */ = {isa = PBXFileReference; lastKnownFileType = sourcecode.swift; path = SceneDelegate.swift; sourceTree = "<group>"; };
		B56248FE267D215900EBA960 /* WeatherApp.xcdatamodel */ = {isa = PBXFileReference; lastKnownFileType = wrapper.xcdatamodel; path = WeatherApp.xcdatamodel; sourceTree = "<group>"; };
		B5624900267D215A00EBA960 /* Assets.xcassets */ = {isa = PBXFileReference; lastKnownFileType = folder.assetcatalog; path = Assets.xcassets; sourceTree = "<group>"; };
		B5624903267D215A00EBA960 /* Base */ = {isa = PBXFileReference; lastKnownFileType = file.storyboard; name = Base; path = Base.lproj/LaunchScreen.storyboard; sourceTree = "<group>"; };
		B5624905267D215A00EBA960 /* Info.plist */ = {isa = PBXFileReference; lastKnownFileType = text.plist.xml; path = Info.plist; sourceTree = "<group>"; };
		B562490C267F001D00EBA960 /* OnboardingViewController.swift */ = {isa = PBXFileReference; lastKnownFileType = sourcecode.swift; path = OnboardingViewController.swift; sourceTree = "<group>"; };
		B562490E267F128700EBA960 /* FirstStartIndicator.swift */ = {isa = PBXFileReference; lastKnownFileType = sourcecode.swift; path = FirstStartIndicator.swift; sourceTree = "<group>"; };
		B5624910267F178D00EBA960 /* MainViewController.swift */ = {isa = PBXFileReference; lastKnownFileType = sourcecode.swift; path = MainViewController.swift; sourceTree = "<group>"; };
		B5624912267FAF4B00EBA960 /* LocationManager.swift */ = {isa = PBXFileReference; lastKnownFileType = sourcecode.swift; path = LocationManager.swift; sourceTree = "<group>"; };
		B56249142680FEA800EBA960 /* MainCoordinator.swift */ = {isa = PBXFileReference; lastKnownFileType = sourcecode.swift; path = MainCoordinator.swift; sourceTree = "<group>"; };
		B562491E2681173800EBA960 /* Rubik-Regular.ttf */ = {isa = PBXFileReference; lastKnownFileType = file; path = "Rubik-Regular.ttf"; sourceTree = "<group>"; };
		B562491F2681173800EBA960 /* Rubik-Medium.ttf */ = {isa = PBXFileReference; lastKnownFileType = file; path = "Rubik-Medium.ttf"; sourceTree = "<group>"; };
		B56249232681D74D00EBA960 /* SettingsViewController.swift */ = {isa = PBXFileReference; lastKnownFileType = sourcecode.swift; path = SettingsViewController.swift; sourceTree = "<group>"; };
/* End PBXFileReference section */

/* Begin PBXFrameworksBuildPhase section */
		B56248EE267D215900EBA960 /* Frameworks */ = {
			isa = PBXFrameworksBuildPhase;
			buildActionMask = 2147483647;
			files = (
				E44EF64129E03DDAA14CE3C3 /* Pods_WeatherApp.framework in Frameworks */,
			);
			runOnlyForDeploymentPostprocessing = 0;
		};
/* End PBXFrameworksBuildPhase section */

/* Begin PBXGroup section */
		4F354CBC8FFB97A2D6C8FA8F /* Frameworks */ = {
			isa = PBXGroup;
			children = (
				0D0FC96182EB449DE6B30F13 /* Pods_WeatherApp.framework */,
			);
			name = Frameworks;
			sourceTree = "<group>";
		};
		B516F7812684EF9F0007882E /* Services */ = {
			isa = PBXGroup;
			children = (
				B5624912267FAF4B00EBA960 /* LocationManager.swift */,
				B516F784268500CB0007882E /* GeocodingModel.swift */,
				B516F78B26871B840007882E /* ForecastModel.swift */,
				B516F7FE269235900007882E /* NetworkService.swift */,
			);
			path = Services;
			sourceTree = "<group>";
		};
		B516F78626863F350007882E /* ViewModels */ = {
			isa = PBXGroup;
			children = (
				B516F78726863F5D0007882E /* MainViewModel.swift */,
			);
			path = ViewModels;
			sourceTree = "<group>";
		};
		B516F78D268740580007882E /* CoreData */ = {
			isa = PBXGroup;
			children = (
				B516F848269495340007882E /* ForecastData+CoreDataClass.swift */,
				B516F849269495340007882E /* ForecastData+CoreDataProperties.swift */,
				B516F84A269495340007882E /* CurrentData+CoreDataClass.swift */,
				B516F84B269495340007882E /* CurrentData+CoreDataProperties.swift */,
				B516F84C269495340007882E /* DailyData+CoreDataClass.swift */,
				B516F84D269495340007882E /* DailyData+CoreDataProperties.swift */,
				B516F84E269495340007882E /* SnowData+CoreDataClass.swift */,
				B516F84F269495340007882E /* SnowData+CoreDataProperties.swift */,
				B516F850269495340007882E /* TempData+CoreDataClass.swift */,
				B516F851269495340007882E /* TempData+CoreDataProperties.swift */,
				B516F852269495340007882E /* FeelsLikeData+CoreDataClass.swift */,
				B516F853269495340007882E /* FeelsLikeData+CoreDataProperties.swift */,
				B516F854269495340007882E /* RainData+CoreDataClass.swift */,
				B516F855269495340007882E /* RainData+CoreDataProperties.swift */,
				B516F856269495340007882E /* HourlyData+CoreDataClass.swift */,
				B516F857269495340007882E /* HourlyData+CoreDataProperties.swift */,
				B516F858269495340007882E /* WeatherData+CoreDataClass.swift */,
				B516F859269495340007882E /* WeatherData+CoreDataProperties.swift */,
				B56248FD267D215900EBA960 /* WeatherApp.xcdatamodeld */,
				B516F7B026885BC40007882E /* CoreDataStack.swift */,
			);
			path = CoreData;
			sourceTree = "<group>";
		};
		B56248E8267D215900EBA960 = {
			isa = PBXGroup;
			children = (
				B56248F3267D215900EBA960 /* WeatherApp */,
				B56249192681168B00EBA960 /* Fonts */,
				B56248F2267D215900EBA960 /* Products */,
				DA7C8CF271042E9045633FA0 /* Pods */,
				4F354CBC8FFB97A2D6C8FA8F /* Frameworks */,
			);
			sourceTree = "<group>";
		};
		B56248F2267D215900EBA960 /* Products */ = {
			isa = PBXGroup;
			children = (
				B56248F1267D215900EBA960 /* WeatherApp.app */,
			);
			name = Products;
			sourceTree = "<group>";
		};
		B56248F3267D215900EBA960 /* WeatherApp */ = {
			isa = PBXGroup;
			children = (
				B516F78D268740580007882E /* CoreData */,
				B516F7812684EF9F0007882E /* Services */,
				B56249162680FF1A00EBA960 /* Coordinator */,
				B56249222681D6FA00EBA960 /* ViewControllers */,
				B516F78626863F350007882E /* ViewModels */,
				B562490B267EFFF700EBA960 /* Onboarding */,
				B56248F4267D215900EBA960 /* AppDelegate.swift */,
				B56248F6267D215900EBA960 /* SceneDelegate.swift */,
				B5624900267D215A00EBA960 /* Assets.xcassets */,
				B5624902267D215A00EBA960 /* LaunchScreen.storyboard */,
				B5624905267D215A00EBA960 /* Info.plist */,
			);
			path = WeatherApp;
			sourceTree = "<group>";
		};
		B562490B267EFFF700EBA960 /* Onboarding */ = {
			isa = PBXGroup;
			children = (
				B562490E267F128700EBA960 /* FirstStartIndicator.swift */,
			);
			path = Onboarding;
			sourceTree = "<group>";
		};
		B56249162680FF1A00EBA960 /* Coordinator */ = {
			isa = PBXGroup;
			children = (
				B56249142680FEA800EBA960 /* MainCoordinator.swift */,
			);
			path = Coordinator;
			sourceTree = "<group>";
		};
		B56249192681168B00EBA960 /* Fonts */ = {
			isa = PBXGroup;
			children = (
				B562491F2681173800EBA960 /* Rubik-Medium.ttf */,
				B562491E2681173800EBA960 /* Rubik-Regular.ttf */,
			);
			path = Fonts;
			sourceTree = "<group>";
		};
		B56249222681D6FA00EBA960 /* ViewControllers */ = {
			isa = PBXGroup;
			children = (
				B562490C267F001D00EBA960 /* OnboardingViewController.swift */,
				B5624910267F178D00EBA960 /* MainViewController.swift */,
				B56249232681D74D00EBA960 /* SettingsViewController.swift */,
			);
			path = ViewControllers;
			sourceTree = "<group>";
		};
		DA7C8CF271042E9045633FA0 /* Pods */ = {
			isa = PBXGroup;
			children = (
				1B4697ED0B7EB902D38A76E5 /* Pods-WeatherApp.debug.xcconfig */,
				51279E42282F51EA8A377A94 /* Pods-WeatherApp.release.xcconfig */,
			);
			path = Pods;
			sourceTree = "<group>";
		};
/* End PBXGroup section */

/* Begin PBXNativeTarget section */
		B56248F0267D215900EBA960 /* WeatherApp */ = {
			isa = PBXNativeTarget;
			buildConfigurationList = B5624908267D215A00EBA960 /* Build configuration list for PBXNativeTarget "WeatherApp" */;
			buildPhases = (
				D2ED0F42CD3FDF5BB0D2A5E8 /* [CP] Check Pods Manifest.lock */,
				B56248ED267D215900EBA960 /* Sources */,
				B56248EE267D215900EBA960 /* Frameworks */,
				B56248EF267D215900EBA960 /* Resources */,
				CAB68EC18BBE18A652F9F157 /* [CP] Embed Pods Frameworks */,
			);
			buildRules = (
			);
			dependencies = (
			);
			name = WeatherApp;
			productName = WeatherApp;
			productReference = B56248F1267D215900EBA960 /* WeatherApp.app */;
			productType = "com.apple.product-type.application";
		};
/* End PBXNativeTarget section */

/* Begin PBXProject section */
		B56248E9267D215900EBA960 /* Project object */ = {
			isa = PBXProject;
			attributes = {
				LastSwiftUpdateCheck = 1250;
				LastUpgradeCheck = 1250;
				TargetAttributes = {
					B56248F0267D215900EBA960 = {
						CreatedOnToolsVersion = 12.5;
					};
				};
			};
			buildConfigurationList = B56248EC267D215900EBA960 /* Build configuration list for PBXProject "WeatherApp" */;
			compatibilityVersion = "Xcode 9.3";
			developmentRegion = en;
			hasScannedForEncodings = 0;
			knownRegions = (
				en,
				Base,
			);
			mainGroup = B56248E8267D215900EBA960;
			productRefGroup = B56248F2267D215900EBA960 /* Products */;
			projectDirPath = "";
			projectRoot = "";
			targets = (
				B56248F0267D215900EBA960 /* WeatherApp */,
			);
		};
/* End PBXProject section */

/* Begin PBXResourcesBuildPhase section */
		B56248EF267D215900EBA960 /* Resources */ = {
			isa = PBXResourcesBuildPhase;
			buildActionMask = 2147483647;
			files = (
				B5624904267D215A00EBA960 /* LaunchScreen.storyboard in Resources */,
				B56249202681173800EBA960 /* Rubik-Regular.ttf in Resources */,
				B5624901267D215A00EBA960 /* Assets.xcassets in Resources */,
				B56249212681173800EBA960 /* Rubik-Medium.ttf in Resources */,
			);
			runOnlyForDeploymentPostprocessing = 0;
		};
/* End PBXResourcesBuildPhase section */

/* Begin PBXShellScriptBuildPhase section */
		CAB68EC18BBE18A652F9F157 /* [CP] Embed Pods Frameworks */ = {
			isa = PBXShellScriptBuildPhase;
			buildActionMask = 2147483647;
			files = (
			);
			inputFileListPaths = (
				"${PODS_ROOT}/Target Support Files/Pods-WeatherApp/Pods-WeatherApp-frameworks-${CONFIGURATION}-input-files.xcfilelist",
			);
			name = "[CP] Embed Pods Frameworks";
			outputFileListPaths = (
				"${PODS_ROOT}/Target Support Files/Pods-WeatherApp/Pods-WeatherApp-frameworks-${CONFIGURATION}-output-files.xcfilelist",
			);
			runOnlyForDeploymentPostprocessing = 0;
			shellPath = /bin/sh;
			shellScript = "\"${PODS_ROOT}/Target Support Files/Pods-WeatherApp/Pods-WeatherApp-frameworks.sh\"\n";
			showEnvVarsInLog = 0;
		};
		D2ED0F42CD3FDF5BB0D2A5E8 /* [CP] Check Pods Manifest.lock */ = {
			isa = PBXShellScriptBuildPhase;
			buildActionMask = 2147483647;
			files = (
			);
			inputFileListPaths = (
			);
			inputPaths = (
				"${PODS_PODFILE_DIR_PATH}/Podfile.lock",
				"${PODS_ROOT}/Manifest.lock",
			);
			name = "[CP] Check Pods Manifest.lock";
			outputFileListPaths = (
			);
			outputPaths = (
				"$(DERIVED_FILE_DIR)/Pods-WeatherApp-checkManifestLockResult.txt",
			);
			runOnlyForDeploymentPostprocessing = 0;
			shellPath = /bin/sh;
			shellScript = "diff \"${PODS_PODFILE_DIR_PATH}/Podfile.lock\" \"${PODS_ROOT}/Manifest.lock\" > /dev/null\nif [ $? != 0 ] ; then\n    # print error to STDERR\n    echo \"error: The sandbox is not in sync with the Podfile.lock. Run 'pod install' or update your CocoaPods installation.\" >&2\n    exit 1\nfi\n# This output is used by Xcode 'outputs' to avoid re-running this script phase.\necho \"SUCCESS\" > \"${SCRIPT_OUTPUT_FILE_0}\"\n";
			showEnvVarsInLog = 0;
		};
/* End PBXShellScriptBuildPhase section */

/* Begin PBXSourcesBuildPhase section */
		B56248ED267D215900EBA960 /* Sources */ = {
			isa = PBXSourcesBuildPhase;
			buildActionMask = 2147483647;
			files = (
				B516F85A269495340007882E /* ForecastData+CoreDataClass.swift in Sources */,
				B516F85D269495340007882E /* CurrentData+CoreDataProperties.swift in Sources */,
				B516F85C269495340007882E /* CurrentData+CoreDataClass.swift in Sources */,
				B5624911267F178D00EBA960 /* MainViewController.swift in Sources */,
				B516F868269495340007882E /* HourlyData+CoreDataClass.swift in Sources */,
				B516F869269495340007882E /* HourlyData+CoreDataProperties.swift in Sources */,
				B56249152680FEA800EBA960 /* MainCoordinator.swift in Sources */,
				B516F867269495340007882E /* RainData+CoreDataProperties.swift in Sources */,
				B516F86A269495340007882E /* WeatherData+CoreDataClass.swift in Sources */,
				B516F85E269495340007882E /* DailyData+CoreDataClass.swift in Sources */,
				B516F85F269495340007882E /* DailyData+CoreDataProperties.swift in Sources */,
				B516F866269495340007882E /* RainData+CoreDataClass.swift in Sources */,
				B56248FF267D215900EBA960 /* WeatherApp.xcdatamodeld in Sources */,
				B56249242681D74D00EBA960 /* SettingsViewController.swift in Sources */,
				B516F78826863F5D0007882E /* MainViewModel.swift in Sources */,
				B516F86B269495340007882E /* WeatherData+CoreDataProperties.swift in Sources */,
				B562490D267F001D00EBA960 /* OnboardingViewController.swift in Sources */,
				B5624913267FAF4B00EBA960 /* LocationManager.swift in Sources */,
				B516F7B126885BC40007882E /* CoreDataStack.swift in Sources */,
				B56248F5267D215900EBA960 /* AppDelegate.swift in Sources */,
				B516F85B269495340007882E /* ForecastData+CoreDataProperties.swift in Sources */,
				B516F865269495340007882E /* FeelsLikeData+CoreDataProperties.swift in Sources */,
				B56248F7267D215900EBA960 /* SceneDelegate.swift in Sources */,
				B516F7FF269235900007882E /* NetworkService.swift in Sources */,
				B562490F267F128700EBA960 /* FirstStartIndicator.swift in Sources */,
				B516F863269495340007882E /* TempData+CoreDataProperties.swift in Sources */,
				B516F862269495340007882E /* TempData+CoreDataClass.swift in Sources */,
				B516F78C26871B840007882E /* ForecastModel.swift in Sources */,
				B516F864269495340007882E /* FeelsLikeData+CoreDataClass.swift in Sources */,
				B516F861269495340007882E /* SnowData+CoreDataProperties.swift in Sources */,
				B516F860269495340007882E /* SnowData+CoreDataClass.swift in Sources */,
				B516F785268500CB0007882E /* GeocodingModel.swift in Sources */,
			);
			runOnlyForDeploymentPostprocessing = 0;
		};
/* End PBXSourcesBuildPhase section */

/* Begin PBXVariantGroup section */
		B5624902267D215A00EBA960 /* LaunchScreen.storyboard */ = {
			isa = PBXVariantGroup;
			children = (
				B5624903267D215A00EBA960 /* Base */,
			);
			name = LaunchScreen.storyboard;
			sourceTree = "<group>";
		};
/* End PBXVariantGroup section */

/* Begin XCBuildConfiguration section */
		B5624906267D215A00EBA960 /* Debug */ = {
			isa = XCBuildConfiguration;
			buildSettings = {
				ALWAYS_SEARCH_USER_PATHS = NO;
				CLANG_ANALYZER_NONNULL = YES;
				CLANG_ANALYZER_NUMBER_OBJECT_CONVERSION = YES_AGGRESSIVE;
				CLANG_CXX_LANGUAGE_STANDARD = "gnu++14";
				CLANG_CXX_LIBRARY = "libc++";
				CLANG_ENABLE_MODULES = YES;
				CLANG_ENABLE_OBJC_ARC = YES;
				CLANG_ENABLE_OBJC_WEAK = YES;
				CLANG_WARN_BLOCK_CAPTURE_AUTORELEASING = YES;
				CLANG_WARN_BOOL_CONVERSION = YES;
				CLANG_WARN_COMMA = YES;
				CLANG_WARN_CONSTANT_CONVERSION = YES;
				CLANG_WARN_DEPRECATED_OBJC_IMPLEMENTATIONS = YES;
				CLANG_WARN_DIRECT_OBJC_ISA_USAGE = YES_ERROR;
				CLANG_WARN_DOCUMENTATION_COMMENTS = YES;
				CLANG_WARN_EMPTY_BODY = YES;
				CLANG_WARN_ENUM_CONVERSION = YES;
				CLANG_WARN_INFINITE_RECURSION = YES;
				CLANG_WARN_INT_CONVERSION = YES;
				CLANG_WARN_NON_LITERAL_NULL_CONVERSION = YES;
				CLANG_WARN_OBJC_IMPLICIT_RETAIN_SELF = YES;
				CLANG_WARN_OBJC_LITERAL_CONVERSION = YES;
				CLANG_WARN_OBJC_ROOT_CLASS = YES_ERROR;
				CLANG_WARN_QUOTED_INCLUDE_IN_FRAMEWORK_HEADER = YES;
				CLANG_WARN_RANGE_LOOP_ANALYSIS = YES;
				CLANG_WARN_STRICT_PROTOTYPES = YES;
				CLANG_WARN_SUSPICIOUS_MOVE = YES;
				CLANG_WARN_UNGUARDED_AVAILABILITY = YES_AGGRESSIVE;
				CLANG_WARN_UNREACHABLE_CODE = YES;
				CLANG_WARN__DUPLICATE_METHOD_MATCH = YES;
				COPY_PHASE_STRIP = NO;
				DEBUG_INFORMATION_FORMAT = dwarf;
				ENABLE_STRICT_OBJC_MSGSEND = YES;
				ENABLE_TESTABILITY = YES;
				GCC_C_LANGUAGE_STANDARD = gnu11;
				GCC_DYNAMIC_NO_PIC = NO;
				GCC_NO_COMMON_BLOCKS = YES;
				GCC_OPTIMIZATION_LEVEL = 0;
				GCC_PREPROCESSOR_DEFINITIONS = (
					"DEBUG=1",
					"$(inherited)",
				);
				GCC_WARN_64_TO_32_BIT_CONVERSION = YES;
				GCC_WARN_ABOUT_RETURN_TYPE = YES_ERROR;
				GCC_WARN_UNDECLARED_SELECTOR = YES;
				GCC_WARN_UNINITIALIZED_AUTOS = YES_AGGRESSIVE;
				GCC_WARN_UNUSED_FUNCTION = YES;
				GCC_WARN_UNUSED_VARIABLE = YES;
				IPHONEOS_DEPLOYMENT_TARGET = 14.5;
				MTL_ENABLE_DEBUG_INFO = INCLUDE_SOURCE;
				MTL_FAST_MATH = YES;
				ONLY_ACTIVE_ARCH = YES;
				SDKROOT = iphoneos;
				SWIFT_ACTIVE_COMPILATION_CONDITIONS = DEBUG;
				SWIFT_OPTIMIZATION_LEVEL = "-Onone";
			};
			name = Debug;
		};
		B5624907267D215A00EBA960 /* Release */ = {
			isa = XCBuildConfiguration;
			buildSettings = {
				ALWAYS_SEARCH_USER_PATHS = NO;
				CLANG_ANALYZER_NONNULL = YES;
				CLANG_ANALYZER_NUMBER_OBJECT_CONVERSION = YES_AGGRESSIVE;
				CLANG_CXX_LANGUAGE_STANDARD = "gnu++14";
				CLANG_CXX_LIBRARY = "libc++";
				CLANG_ENABLE_MODULES = YES;
				CLANG_ENABLE_OBJC_ARC = YES;
				CLANG_ENABLE_OBJC_WEAK = YES;
				CLANG_WARN_BLOCK_CAPTURE_AUTORELEASING = YES;
				CLANG_WARN_BOOL_CONVERSION = YES;
				CLANG_WARN_COMMA = YES;
				CLANG_WARN_CONSTANT_CONVERSION = YES;
				CLANG_WARN_DEPRECATED_OBJC_IMPLEMENTATIONS = YES;
				CLANG_WARN_DIRECT_OBJC_ISA_USAGE = YES_ERROR;
				CLANG_WARN_DOCUMENTATION_COMMENTS = YES;
				CLANG_WARN_EMPTY_BODY = YES;
				CLANG_WARN_ENUM_CONVERSION = YES;
				CLANG_WARN_INFINITE_RECURSION = YES;
				CLANG_WARN_INT_CONVERSION = YES;
				CLANG_WARN_NON_LITERAL_NULL_CONVERSION = YES;
				CLANG_WARN_OBJC_IMPLICIT_RETAIN_SELF = YES;
				CLANG_WARN_OBJC_LITERAL_CONVERSION = YES;
				CLANG_WARN_OBJC_ROOT_CLASS = YES_ERROR;
				CLANG_WARN_QUOTED_INCLUDE_IN_FRAMEWORK_HEADER = YES;
				CLANG_WARN_RANGE_LOOP_ANALYSIS = YES;
				CLANG_WARN_STRICT_PROTOTYPES = YES;
				CLANG_WARN_SUSPICIOUS_MOVE = YES;
				CLANG_WARN_UNGUARDED_AVAILABILITY = YES_AGGRESSIVE;
				CLANG_WARN_UNREACHABLE_CODE = YES;
				CLANG_WARN__DUPLICATE_METHOD_MATCH = YES;
				COPY_PHASE_STRIP = NO;
				DEBUG_INFORMATION_FORMAT = "dwarf-with-dsym";
				ENABLE_NS_ASSERTIONS = NO;
				ENABLE_STRICT_OBJC_MSGSEND = YES;
				GCC_C_LANGUAGE_STANDARD = gnu11;
				GCC_NO_COMMON_BLOCKS = YES;
				GCC_WARN_64_TO_32_BIT_CONVERSION = YES;
				GCC_WARN_ABOUT_RETURN_TYPE = YES_ERROR;
				GCC_WARN_UNDECLARED_SELECTOR = YES;
				GCC_WARN_UNINITIALIZED_AUTOS = YES_AGGRESSIVE;
				GCC_WARN_UNUSED_FUNCTION = YES;
				GCC_WARN_UNUSED_VARIABLE = YES;
				IPHONEOS_DEPLOYMENT_TARGET = 14.5;
				MTL_ENABLE_DEBUG_INFO = NO;
				MTL_FAST_MATH = YES;
				SDKROOT = iphoneos;
				SWIFT_COMPILATION_MODE = wholemodule;
				SWIFT_OPTIMIZATION_LEVEL = "-O";
				VALIDATE_PRODUCT = YES;
			};
			name = Release;
		};
		B5624909267D215A00EBA960 /* Debug */ = {
			isa = XCBuildConfiguration;
			baseConfigurationReference = 1B4697ED0B7EB902D38A76E5 /* Pods-WeatherApp.debug.xcconfig */;
			buildSettings = {
				ASSETCATALOG_COMPILER_APPICON_NAME = AppIcon;
				ASSETCATALOG_COMPILER_GLOBAL_ACCENT_COLOR_NAME = AccentColor;
				CODE_SIGN_STYLE = Automatic;
				DEVELOPMENT_TEAM = 7UALSS4LXR;
				INFOPLIST_FILE = WeatherApp/Info.plist;
				IPHONEOS_DEPLOYMENT_TARGET = 14.5;
				LD_RUNPATH_SEARCH_PATHS = (
					"$(inherited)",
					"@executable_path/Frameworks",
				);
				PRODUCT_BUNDLE_IDENTIFIER = Konstantin.Pimbursky.WeatherApp;
				PRODUCT_NAME = "$(TARGET_NAME)";
				SWIFT_VERSION = 5.0;
				TARGETED_DEVICE_FAMILY = "1,2";
			};
			name = Debug;
		};
		B562490A267D215A00EBA960 /* Release */ = {
			isa = XCBuildConfiguration;
			baseConfigurationReference = 51279E42282F51EA8A377A94 /* Pods-WeatherApp.release.xcconfig */;
			buildSettings = {
				ASSETCATALOG_COMPILER_APPICON_NAME = AppIcon;
				ASSETCATALOG_COMPILER_GLOBAL_ACCENT_COLOR_NAME = AccentColor;
				CODE_SIGN_STYLE = Automatic;
				DEVELOPMENT_TEAM = 7UALSS4LXR;
				INFOPLIST_FILE = WeatherApp/Info.plist;
				IPHONEOS_DEPLOYMENT_TARGET = 14.5;
				LD_RUNPATH_SEARCH_PATHS = (
					"$(inherited)",
					"@executable_path/Frameworks",
				);
				PRODUCT_BUNDLE_IDENTIFIER = Konstantin.Pimbursky.WeatherApp;
				PRODUCT_NAME = "$(TARGET_NAME)";
				SWIFT_VERSION = 5.0;
				TARGETED_DEVICE_FAMILY = "1,2";
			};
			name = Release;
		};
/* End XCBuildConfiguration section */

/* Begin XCConfigurationList section */
		B56248EC267D215900EBA960 /* Build configuration list for PBXProject "WeatherApp" */ = {
			isa = XCConfigurationList;
			buildConfigurations = (
				B5624906267D215A00EBA960 /* Debug */,
				B5624907267D215A00EBA960 /* Release */,
			);
			defaultConfigurationIsVisible = 0;
			defaultConfigurationName = Release;
		};
		B5624908267D215A00EBA960 /* Build configuration list for PBXNativeTarget "WeatherApp" */ = {
			isa = XCConfigurationList;
			buildConfigurations = (
				B5624909267D215A00EBA960 /* Debug */,
				B562490A267D215A00EBA960 /* Release */,
			);
			defaultConfigurationIsVisible = 0;
			defaultConfigurationName = Release;
		};
/* End XCConfigurationList section */

/* Begin XCVersionGroup section */
		B56248FD267D215900EBA960 /* WeatherApp.xcdatamodeld */ = {
			isa = XCVersionGroup;
			children = (
				B56248FE267D215900EBA960 /* WeatherApp.xcdatamodel */,
			);
			currentVersion = B56248FE267D215900EBA960 /* WeatherApp.xcdatamodel */;
			path = WeatherApp.xcdatamodeld;
			sourceTree = "<group>";
			versionGroupType = wrapper.xcdatamodel;
		};
/* End XCVersionGroup section */
	};
	rootObject = B56248E9267D215900EBA960 /* Project object */;
}
